
Microsoft Visual Studio Solution File, Format Version 12.00
# Visual Studio Version 17
VisualStudioVersion = 17.11.35208.52
MinimumVisualStudioVersion = 10.0.40219.1
Project("{FAE04EC0-301F-11D3-BF4B-00C04F79EFBC}") = "SystemMonitoDirectory", "SystemMonitoDirectory\SystemMonitoDirectory.csproj", "{7EDA73C2-21A4-4339-A0A8-F69C7F3CE826}"
EndProject
Global
	GlobalSection(SolutionConfigurationPlatforms) = preSolution
		Debug|Any CPU = Debug|Any CPU
		Release|Any CPU = Release|Any CPU
	EndGlobalSection
	GlobalSection(ProjectConfigurationPlatforms) = postSolution
		{7EDA73C2-21A4-4339-A0A8-F69C7F3CE826}.Debug|Any CPU.ActiveCfg = Debug|Any CPU
		{7EDA73C2-21A4-4339-A0A8-F69C7F3CE826}.Debug|Any CPU.Build.0 = Debug|Any CPU
		{7EDA73C2-21A4-4339-A0A8-F69C7F3CE826}.Release|Any CPU.ActiveCfg = Release|Any CPU
		{7EDA73C2-21A4-4339-A0A8-F69C7F3CE826}.Release|Any CPU.Build.0 = Release|Any CPU
	EndGlobalSection
	GlobalSection(SolutionProperties) = preSolution
		HideSolutionNode = FALSE
	EndGlobalSection
	GlobalSection(ExtensibilityGlobals) = postSolution
		SolutionGuid = {8BCF47C5-536A-408E-A30F-5B9D0BD8FCDE}
	EndGlobalSection
EndGlobal
